
Microsoft Visual Studio Solution File, Format Version 12.00
# Visual Studio Version 16
VisualStudioVersion = 16.0.32106.194
MinimumVisualStudioVersion = 10.0.40219.1
Project("{FAE04EC0-301F-11D3-BF4B-00C04F79EFBC}") = "AutomationPractice", "AutomationPractice\AutomationPractice.csproj", "{8468C3C3-0BD3-49DA-A931-004667F9013E}"
EndProject
Global
	GlobalSection(SolutionConfigurationPlatforms) = preSolution
		Debug|Any CPU = Debug|Any CPU
		Release|Any CPU = Release|Any CPU
	EndGlobalSection
	GlobalSection(ProjectConfigurationPlatforms) = postSolution
		{8468C3C3-0BD3-49DA-A931-004667F9013E}.Debug|Any CPU.ActiveCfg = Debug|Any CPU
		{8468C3C3-0BD3-49DA-A931-004667F9013E}.Debug|Any CPU.Build.0 = Debug|Any CPU
		{8468C3C3-0BD3-49DA-A931-004667F9013E}.Release|Any CPU.ActiveCfg = Release|Any CPU
		{8468C3C3-0BD3-49DA-A931-004667F9013E}.Release|Any CPU.Build.0 = Release|Any CPU
	EndGlobalSection
	GlobalSection(SolutionProperties) = preSolution
		HideSolutionNode = FALSE
	EndGlobalSection
	GlobalSection(ExtensibilityGlobals) = postSolution
		SolutionGuid = {49C93EA2-EB4E-493C-A782-4E49DD3DC810}
	EndGlobalSection
EndGlobal
